// !$*UTF8*$!
{
	archiveVersion = 1;
	classes = {
	};
	objectVersion = 46;
	objects = {

/* Begin PBXBuildFile section */
		7847114E1E780DB7003817CA /* Collector.cpp in Sources */ = {isa = PBXBuildFile; fileRef = 7847114C1E780DB7003817CA /* Collector.cpp */; };
		7847116C1E780E27003817CA /* Collector.hpp in Headers */ = {isa = PBXBuildFile; fileRef = 784711581E780E27003817CA /* Collector.hpp */; };
		7847116D1E780E27003817CA /* ComponentTypeId.cpp in Sources */ = {isa = PBXBuildFile; fileRef = 784711591E780E27003817CA /* ComponentTypeId.cpp */; };
		7847116E1E780E27003817CA /* ComponentTypeId.hpp in Headers */ = {isa = PBXBuildFile; fileRef = 7847115A1E780E27003817CA /* ComponentTypeId.hpp */; };
		7847116F1E780E27003817CA /* Delegate.hpp in Headers */ = {isa = PBXBuildFile; fileRef = 7847115B1E780E27003817CA /* Delegate.hpp */; };
		784711701E780E27003817CA /* Entity.cpp in Sources */ = {isa = PBXBuildFile; fileRef = 7847115C1E780E27003817CA /* Entity.cpp */; };
		784711711E780E27003817CA /* Entity.hpp in Headers */ = {isa = PBXBuildFile; fileRef = 7847115D1E780E27003817CA /* Entity.hpp */; };
		784711721E780E27003817CA /* Group.cpp in Sources */ = {isa = PBXBuildFile; fileRef = 7847115E1E780E27003817CA /* Group.cpp */; };
		784711731E780E27003817CA /* Group.hpp in Headers */ = {isa = PBXBuildFile; fileRef = 7847115F1E780E27003817CA /* Group.hpp */; };
		784711741E780E27003817CA /* GroupEventType.hpp in Headers */ = {isa = PBXBuildFile; fileRef = 784711601E780E27003817CA /* GroupEventType.hpp */; };
		784711751E780E27003817CA /* IComponent.hpp in Headers */ = {isa = PBXBuildFile; fileRef = 784711611E780E27003817CA /* IComponent.hpp */; };
		784711761E780E27003817CA /* ISystem.hpp in Headers */ = {isa = PBXBuildFile; fileRef = 784711621E780E27003817CA /* ISystem.hpp */; };
		784711771E780E27003817CA /* Matcher.cpp in Sources */ = {isa = PBXBuildFile; fileRef = 784711631E780E27003817CA /* Matcher.cpp */; };
		784711781E780E27003817CA /* Matcher.hpp in Headers */ = {isa = PBXBuildFile; fileRef = 784711641E780E27003817CA /* Matcher.hpp */; };
		784711791E780E27003817CA /* Pool.cpp in Sources */ = {isa = PBXBuildFile; fileRef = 784711651E780E27003817CA /* Pool.cpp */; };
		7847117A1E780E27003817CA /* Pool.hpp in Headers */ = {isa = PBXBuildFile; fileRef = 784711661E780E27003817CA /* Pool.hpp */; };
		7847117B1E780E27003817CA /* ReactiveSystem.cpp in Sources */ = {isa = PBXBuildFile; fileRef = 784711671E780E27003817CA /* ReactiveSystem.cpp */; };
		7847117C1E780E27003817CA /* ReactiveSystem.hpp in Headers */ = {isa = PBXBuildFile; fileRef = 784711681E780E27003817CA /* ReactiveSystem.hpp */; };
		7847117D1E780E27003817CA /* SystemContainer.cpp in Sources */ = {isa = PBXBuildFile; fileRef = 784711691E780E27003817CA /* SystemContainer.cpp */; };
		7847117E1E780E27003817CA /* SystemContainer.hpp in Headers */ = {isa = PBXBuildFile; fileRef = 7847116A1E780E27003817CA /* SystemContainer.hpp */; };
		7847117F1E780E27003817CA /* TriggerOnEvent.hpp in Headers */ = {isa = PBXBuildFile; fileRef = 7847116B1E780E27003817CA /* TriggerOnEvent.hpp */; };
		784711861E780E7E003817CA /* sample2.cpp in Sources */ = {isa = PBXBuildFile; fileRef = 784711851E780E7E003817CA /* sample2.cpp */; };
		784711871E780E8C003817CA /* libentitas.a in Frameworks */ = {isa = PBXBuildFile; fileRef = 784711531E780E08003817CA /* libentitas.a */; };
		784711891E780F63003817CA /* Collector.cpp in Sources */ = {isa = PBXBuildFile; fileRef = 784711881E780F63003817CA /* Collector.cpp */; };
		7847119A1E782387003817CA /* Clock.cpp in Sources */ = {isa = PBXBuildFile; fileRef = 784711931E782387003817CA /* Clock.cpp */; };
		7847119B1E782387003817CA /* Renderer.cpp in Sources */ = {isa = PBXBuildFile; fileRef = 784711941E782387003817CA /* Renderer.cpp */; };
		7847119C1E782387003817CA /* Sprite.cpp in Sources */ = {isa = PBXBuildFile; fileRef = 784711951E782387003817CA /* Sprite.cpp */; };
		7847119D1E782387003817CA /* Text.cpp in Sources */ = {isa = PBXBuildFile; fileRef = 784711961E782387003817CA /* Text.cpp */; };
		7847119E1E782387003817CA /* Texture.cpp in Sources */ = {isa = PBXBuildFile; fileRef = 784711971E782387003817CA /* Texture.cpp */; };
		7847119F1E782387003817CA /* View.cpp in Sources */ = {isa = PBXBuildFile; fileRef = 784711981E782387003817CA /* View.cpp */; };
		784711A01E782387003817CA /* Window.cpp in Sources */ = {isa = PBXBuildFile; fileRef = 784711991E782387003817CA /* Window.cpp */; };
		784711A11E7823C2003817CA /* libSDLpp.a in Frameworks */ = {isa = PBXBuildFile; fileRef = 7847118E1E782367003817CA /* libSDLpp.a */; };
		784711A31E7825CC003817CA /* SDL2_image.framework in Frameworks */ = {isa = PBXBuildFile; fileRef = 784711A21E7825CC003817CA /* SDL2_image.framework */; };
		784711A41E7825CC003817CA /* SDL2_image.framework in Frameworks */ = {isa = PBXBuildFile; fileRef = 784711A21E7825CC003817CA /* SDL2_image.framework */; };
		784711A61E782716003817CA /* SDL2_ttf.framework in Frameworks */ = {isa = PBXBuildFile; fileRef = 784711A51E782716003817CA /* SDL2_ttf.framework */; };
		784711A71E782716003817CA /* SDL2_ttf.framework in Frameworks */ = {isa = PBXBuildFile; fileRef = 784711A51E782716003817CA /* SDL2_ttf.framework */; };
		893F357E1DE710B00001A83A /* ComponentTypeId.cpp in Sources */ = {isa = PBXBuildFile; fileRef = 893F35691DE710B00001A83A /* ComponentTypeId.cpp */; };
		893F357F1DE710B00001A83A /* Entity.cpp in Sources */ = {isa = PBXBuildFile; fileRef = 893F356C1DE710B00001A83A /* Entity.cpp */; };
		893F35801DE710B00001A83A /* Group.cpp in Sources */ = {isa = PBXBuildFile; fileRef = 893F356E1DE710B00001A83A /* Group.cpp */; };
		893F35821DE710B00001A83A /* Matcher.cpp in Sources */ = {isa = PBXBuildFile; fileRef = 893F35751DE710B00001A83A /* Matcher.cpp */; };
		893F35831DE710B00001A83A /* Pool.cpp in Sources */ = {isa = PBXBuildFile; fileRef = 893F35771DE710B00001A83A /* Pool.cpp */; };
		893F35841DE710B00001A83A /* ReactiveSystem.cpp in Sources */ = {isa = PBXBuildFile; fileRef = 893F35791DE710B00001A83A /* ReactiveSystem.cpp */; };
		893F35851DE710B00001A83A /* SystemContainer.cpp in Sources */ = {isa = PBXBuildFile; fileRef = 893F357B1DE710B00001A83A /* SystemContainer.cpp */; };
		893F35871DE710C50001A83A /* main.cpp in Sources */ = {isa = PBXBuildFile; fileRef = 893F35861DE710C50001A83A /* main.cpp */; };
		893F35A81DE714AA0001A83A /* ComponentTypeId.cpp in Sources */ = {isa = PBXBuildFile; fileRef = 893F35931DE714AA0001A83A /* ComponentTypeId.cpp */; };
		893F35A91DE714AA0001A83A /* Entity.cpp in Sources */ = {isa = PBXBuildFile; fileRef = 893F35961DE714AA0001A83A /* Entity.cpp */; };
		893F35AA1DE714AA0001A83A /* Group.cpp in Sources */ = {isa = PBXBuildFile; fileRef = 893F35981DE714AA0001A83A /* Group.cpp */; };
		893F35AB1DE714AA0001A83A /* GroupObserver.cpp in Sources */ = {isa = PBXBuildFile; fileRef = 893F359B1DE714AA0001A83A /* GroupObserver.cpp */; };
		893F35AC1DE714AA0001A83A /* Matcher.cpp in Sources */ = {isa = PBXBuildFile; fileRef = 893F359F1DE714AA0001A83A /* Matcher.cpp */; };
		893F35AD1DE714AA0001A83A /* Pool.cpp in Sources */ = {isa = PBXBuildFile; fileRef = 893F35A11DE714AA0001A83A /* Pool.cpp */; };
		893F35AE1DE714AA0001A83A /* ReactiveSystem.cpp in Sources */ = {isa = PBXBuildFile; fileRef = 893F35A31DE714AA0001A83A /* ReactiveSystem.cpp */; };
		893F35AF1DE714AA0001A83A /* SystemContainer.cpp in Sources */ = {isa = PBXBuildFile; fileRef = 893F35A51DE714AA0001A83A /* SystemContainer.cpp */; };
		893F35B21DE714BD0001A83A /* sample1.cpp in Sources */ = {isa = PBXBuildFile; fileRef = 893F35B11DE714BD0001A83A /* sample1.cpp */; };
		893F35E11DE717490001A83A /* SDL2.framework in Frameworks */ = {isa = PBXBuildFile; fileRef = 893F35E01DE717490001A83A /* SDL2.framework */; };
/* End PBXBuildFile section */

/* Begin PBXCopyFilesBuildPhase section */
		786999E51DE5D05800FB0EC9 /* CopyFiles */ = {
			isa = PBXCopyFilesBuildPhase;
			buildActionMask = 2147483647;
			dstPath = /usr/share/man/man1/;
			dstSubfolderSpec = 0;
			files = (
			);
			runOnlyForDeploymentPostprocessing = 1;
		};
		893F358A1DE7148A0001A83A /* CopyFiles */ = {
			isa = PBXCopyFilesBuildPhase;
			buildActionMask = 2147483647;
			dstPath = /usr/share/man/man1/;
			dstSubfolderSpec = 0;
			files = (
			);
			runOnlyForDeploymentPostprocessing = 1;
		};
		893F35B51DE715FD0001A83A /* CopyFiles */ = {
			isa = PBXCopyFilesBuildPhase;
			buildActionMask = 2147483647;
			dstPath = /usr/share/man/man1/;
			dstSubfolderSpec = 0;
			files = (
			);
			runOnlyForDeploymentPostprocessing = 1;
		};
/* End PBXCopyFilesBuildPhase section */

/* Begin PBXFileReference section */
		7847114C1E780DB7003817CA /* Collector.cpp */ = {isa = PBXFileReference; fileEncoding = 4; lastKnownFileType = sourcecode.cpp.cpp; name = Collector.cpp; path = ../../../../entitas/Collector.cpp; sourceTree = "<group>"; };
		7847114D1E780DB7003817CA /* Collector.hpp */ = {isa = PBXFileReference; fileEncoding = 4; lastKnownFileType = sourcecode.cpp.h; name = Collector.hpp; path = ../../../../entitas/Collector.hpp; sourceTree = "<group>"; };
		784711531E780E08003817CA /* libentitas.a */ = {isa = PBXFileReference; explicitFileType = archive.ar; includeInIndex = 0; path = libentitas.a; sourceTree = BUILT_PRODUCTS_DIR; };
		784711581E780E27003817CA /* Collector.hpp */ = {isa = PBXFileReference; fileEncoding = 4; lastKnownFileType = sourcecode.cpp.h; name = Collector.hpp; path = ../../../entitas/Collector.hpp; sourceTree = "<group>"; };
		784711591E780E27003817CA /* ComponentTypeId.cpp */ = {isa = PBXFileReference; fileEncoding = 4; lastKnownFileType = sourcecode.cpp.cpp; name = ComponentTypeId.cpp; path = ../../../entitas/ComponentTypeId.cpp; sourceTree = "<group>"; };
		7847115A1E780E27003817CA /* ComponentTypeId.hpp */ = {isa = PBXFileReference; fileEncoding = 4; lastKnownFileType = sourcecode.cpp.h; name = ComponentTypeId.hpp; path = ../../../entitas/ComponentTypeId.hpp; sourceTree = "<group>"; };
		7847115B1E780E27003817CA /* Delegate.hpp */ = {isa = PBXFileReference; fileEncoding = 4; lastKnownFileType = sourcecode.cpp.h; name = Delegate.hpp; path = ../../../entitas/Delegate.hpp; sourceTree = "<group>"; };
		7847115C1E780E27003817CA /* Entity.cpp */ = {isa = PBXFileReference; fileEncoding = 4; lastKnownFileType = sourcecode.cpp.cpp; name = Entity.cpp; path = ../../../entitas/Entity.cpp; sourceTree = "<group>"; };
		7847115D1E780E27003817CA /* Entity.hpp */ = {isa = PBXFileReference; fileEncoding = 4; lastKnownFileType = sourcecode.cpp.h; name = Entity.hpp; path = ../../../entitas/Entity.hpp; sourceTree = "<group>"; };
		7847115E1E780E27003817CA /* Group.cpp */ = {isa = PBXFileReference; fileEncoding = 4; lastKnownFileType = sourcecode.cpp.cpp; name = Group.cpp; path = ../../../entitas/Group.cpp; sourceTree = "<group>"; };
		7847115F1E780E27003817CA /* Group.hpp */ = {isa = PBXFileReference; fileEncoding = 4; lastKnownFileType = sourcecode.cpp.h; name = Group.hpp; path = ../../../entitas/Group.hpp; sourceTree = "<group>"; };
		784711601E780E27003817CA /* GroupEventType.hpp */ = {isa = PBXFileReference; fileEncoding = 4; lastKnownFileType = sourcecode.cpp.h; name = GroupEventType.hpp; path = ../../../entitas/GroupEventType.hpp; sourceTree = "<group>"; };
		784711611E780E27003817CA /* IComponent.hpp */ = {isa = PBXFileReference; fileEncoding = 4; lastKnownFileType = sourcecode.cpp.h; name = IComponent.hpp; path = ../../../entitas/IComponent.hpp; sourceTree = "<group>"; };
		784711621E780E27003817CA /* ISystem.hpp */ = {isa = PBXFileReference; fileEncoding = 4; lastKnownFileType = sourcecode.cpp.h; name = ISystem.hpp; path = ../../../entitas/ISystem.hpp; sourceTree = "<group>"; };
		784711631E780E27003817CA /* Matcher.cpp */ = {isa = PBXFileReference; fileEncoding = 4; lastKnownFileType = sourcecode.cpp.cpp; name = Matcher.cpp; path = ../../../entitas/Matcher.cpp; sourceTree = "<group>"; };
		784711641E780E27003817CA /* Matcher.hpp */ = {isa = PBXFileReference; fileEncoding = 4; lastKnownFileType = sourcecode.cpp.h; name = Matcher.hpp; path = ../../../entitas/Matcher.hpp; sourceTree = "<group>"; };
		784711651E780E27003817CA /* Pool.cpp */ = {isa = PBXFileReference; fileEncoding = 4; lastKnownFileType = sourcecode.cpp.cpp; name = Pool.cpp; path = ../../../entitas/Pool.cpp; sourceTree = "<group>"; };
		784711661E780E27003817CA /* Pool.hpp */ = {isa = PBXFileReference; fileEncoding = 4; lastKnownFileType = sourcecode.cpp.h; name = Pool.hpp; path = ../../../entitas/Pool.hpp; sourceTree = "<group>"; };
		784711671E780E27003817CA /* ReactiveSystem.cpp */ = {isa = PBXFileReference; fileEncoding = 4; lastKnownFileType = sourcecode.cpp.cpp; name = ReactiveSystem.cpp; path = ../../../entitas/ReactiveSystem.cpp; sourceTree = "<group>"; };
		784711681E780E27003817CA /* ReactiveSystem.hpp */ = {isa = PBXFileReference; fileEncoding = 4; lastKnownFileType = sourcecode.cpp.h; name = ReactiveSystem.hpp; path = ../../../entitas/ReactiveSystem.hpp; sourceTree = "<group>"; };
		784711691E780E27003817CA /* SystemContainer.cpp */ = {isa = PBXFileReference; fileEncoding = 4; lastKnownFileType = sourcecode.cpp.cpp; name = SystemContainer.cpp; path = ../../../entitas/SystemContainer.cpp; sourceTree = "<group>"; };
		7847116A1E780E27003817CA /* SystemContainer.hpp */ = {isa = PBXFileReference; fileEncoding = 4; lastKnownFileType = sourcecode.cpp.h; name = SystemContainer.hpp; path = ../../../entitas/SystemContainer.hpp; sourceTree = "<group>"; };
		7847116B1E780E27003817CA /* TriggerOnEvent.hpp */ = {isa = PBXFileReference; fileEncoding = 4; lastKnownFileType = sourcecode.cpp.h; name = TriggerOnEvent.hpp; path = ../../../entitas/TriggerOnEvent.hpp; sourceTree = "<group>"; };
		784711841E780E7E003817CA /* Rectangle.h */ = {isa = PBXFileReference; fileEncoding = 4; lastKnownFileType = sourcecode.c.h; name = Rectangle.h; path = ../../../sample/Rectangle.h; sourceTree = "<group>"; };
		784711851E780E7E003817CA /* sample2.cpp */ = {isa = PBXFileReference; fileEncoding = 4; lastKnownFileType = sourcecode.cpp.cpp; name = sample2.cpp; path = ../../../sample/sample2.cpp; sourceTree = "<group>"; };
		784711881E780F63003817CA /* Collector.cpp */ = {isa = PBXFileReference; fileEncoding = 4; lastKnownFileType = sourcecode.cpp.cpp; name = Collector.cpp; path = ../../../entitas/Collector.cpp; sourceTree = "<group>"; };
		7847118E1E782367003817CA /* libSDLpp.a */ = {isa = PBXFileReference; explicitFileType = archive.ar; includeInIndex = 0; path = libSDLpp.a; sourceTree = BUILT_PRODUCTS_DIR; };
		784711931E782387003817CA /* Clock.cpp */ = {isa = PBXFileReference; fileEncoding = 4; lastKnownFileType = sourcecode.cpp.cpp; name = Clock.cpp; path = ../../../external/SDLpp/src/Clock.cpp; sourceTree = "<group>"; };
		784711941E782387003817CA /* Renderer.cpp */ = {isa = PBXFileReference; fileEncoding = 4; lastKnownFileType = sourcecode.cpp.cpp; name = Renderer.cpp; path = ../../../external/SDLpp/src/Renderer.cpp; sourceTree = "<group>"; };
		784711951E782387003817CA /* Sprite.cpp */ = {isa = PBXFileReference; fileEncoding = 4; lastKnownFileType = sourcecode.cpp.cpp; name = Sprite.cpp; path = ../../../external/SDLpp/src/Sprite.cpp; sourceTree = "<group>"; };
		784711961E782387003817CA /* Text.cpp */ = {isa = PBXFileReference; fileEncoding = 4; lastKnownFileType = sourcecode.cpp.cpp; name = Text.cpp; path = ../../../external/SDLpp/src/Text.cpp; sourceTree = "<group>"; };
		784711971E782387003817CA /* Texture.cpp */ = {isa = PBXFileReference; fileEncoding = 4; lastKnownFileType = sourcecode.cpp.cpp; name = Texture.cpp; path = ../../../external/SDLpp/src/Texture.cpp; sourceTree = "<group>"; };
		784711981E782387003817CA /* View.cpp */ = {isa = PBXFileReference; fileEncoding = 4; lastKnownFileType = sourcecode.cpp.cpp; name = View.cpp; path = ../../../external/SDLpp/src/View.cpp; sourceTree = "<group>"; };
		784711991E782387003817CA /* Window.cpp */ = {isa = PBXFileReference; fileEncoding = 4; lastKnownFileType = sourcecode.cpp.cpp; name = Window.cpp; path = ../../../external/SDLpp/src/Window.cpp; sourceTree = "<group>"; };
		784711A21E7825CC003817CA /* SDL2_image.framework */ = {isa = PBXFileReference; lastKnownFileType = wrapper.framework; name = SDL2_image.framework; path = ../../../../../../../../Library/Frameworks/SDL2_image.framework; sourceTree = "<group>"; };
		784711A51E782716003817CA /* SDL2_ttf.framework */ = {isa = PBXFileReference; lastKnownFileType = wrapper.framework; name = SDL2_ttf.framework; path = ../../../../../../../../Library/Frameworks/SDL2_ttf.framework; sourceTree = "<group>"; };
		786999E71DE5D05900FB0EC9 /* entitas-demo */ = {isa = PBXFileReference; explicitFileType = "compiled.mach-o.executable"; includeInIndex = 0; path = "entitas-demo"; sourceTree = BUILT_PRODUCTS_DIR; };
		893F35691DE710B00001A83A /* ComponentTypeId.cpp */ = {isa = PBXFileReference; fileEncoding = 4; lastKnownFileType = sourcecode.cpp.cpp; name = ComponentTypeId.cpp; path = ../../../../entitas/ComponentTypeId.cpp; sourceTree = "<group>"; };
		893F356A1DE710B00001A83A /* ComponentTypeId.hpp */ = {isa = PBXFileReference; fileEncoding = 4; lastKnownFileType = sourcecode.cpp.h; name = ComponentTypeId.hpp; path = ../../../../entitas/ComponentTypeId.hpp; sourceTree = "<group>"; };
		893F356B1DE710B00001A83A /* Delegate.hpp */ = {isa = PBXFileReference; fileEncoding = 4; lastKnownFileType = sourcecode.cpp.h; name = Delegate.hpp; path = ../../../../entitas/Delegate.hpp; sourceTree = "<group>"; };
		893F356C1DE710B00001A83A /* Entity.cpp */ = {isa = PBXFileReference; fileEncoding = 4; lastKnownFileType = sourcecode.cpp.cpp; name = Entity.cpp; path = ../../../../entitas/Entity.cpp; sourceTree = "<group>"; };
		893F356D1DE710B00001A83A /* Entity.hpp */ = {isa = PBXFileReference; fileEncoding = 4; lastKnownFileType = sourcecode.cpp.h; name = Entity.hpp; path = ../../../../entitas/Entity.hpp; sourceTree = "<group>"; };
		893F356E1DE710B00001A83A /* Group.cpp */ = {isa = PBXFileReference; fileEncoding = 4; lastKnownFileType = sourcecode.cpp.cpp; name = Group.cpp; path = ../../../../entitas/Group.cpp; sourceTree = "<group>"; };
		893F356F1DE710B00001A83A /* Group.hpp */ = {isa = PBXFileReference; fileEncoding = 4; lastKnownFileType = sourcecode.cpp.h; name = Group.hpp; path = ../../../../entitas/Group.hpp; sourceTree = "<group>"; };
		893F35701DE710B00001A83A /* GroupEventType.hpp */ = {isa = PBXFileReference; fileEncoding = 4; lastKnownFileType = sourcecode.cpp.h; name = GroupEventType.hpp; path = ../../../../entitas/GroupEventType.hpp; sourceTree = "<group>"; };
		893F35731DE710B00001A83A /* IComponent.hpp */ = {isa = PBXFileReference; fileEncoding = 4; lastKnownFileType = sourcecode.cpp.h; name = IComponent.hpp; path = ../../../../entitas/IComponent.hpp; sourceTree = "<group>"; };
		893F35741DE710B00001A83A /* ISystem.hpp */ = {isa = PBXFileReference; fileEncoding = 4; lastKnownFileType = sourcecode.cpp.h; name = ISystem.hpp; path = ../../../../entitas/ISystem.hpp; sourceTree = "<group>"; };
		893F35751DE710B00001A83A /* Matcher.cpp */ = {isa = PBXFileReference; fileEncoding = 4; lastKnownFileType = sourcecode.cpp.cpp; name = Matcher.cpp; path = ../../../../entitas/Matcher.cpp; sourceTree = "<group>"; };
		893F35761DE710B00001A83A /* Matcher.hpp */ = {isa = PBXFileReference; fileEncoding = 4; lastKnownFileType = sourcecode.cpp.h; name = Matcher.hpp; path = ../../../../entitas/Matcher.hpp; sourceTree = "<group>"; };
		893F35771DE710B00001A83A /* Pool.cpp */ = {isa = PBXFileReference; fileEncoding = 4; lastKnownFileType = sourcecode.cpp.cpp; name = Pool.cpp; path = ../../../../entitas/Pool.cpp; sourceTree = "<group>"; };
		893F35781DE710B00001A83A /* Pool.hpp */ = {isa = PBXFileReference; fileEncoding = 4; lastKnownFileType = sourcecode.cpp.h; name = Pool.hpp; path = ../../../../entitas/Pool.hpp; sourceTree = "<group>"; };
		893F35791DE710B00001A83A /* ReactiveSystem.cpp */ = {isa = PBXFileReference; fileEncoding = 4; lastKnownFileType = sourcecode.cpp.cpp; name = ReactiveSystem.cpp; path = ../../../../entitas/ReactiveSystem.cpp; sourceTree = "<group>"; };
		893F357A1DE710B00001A83A /* ReactiveSystem.hpp */ = {isa = PBXFileReference; fileEncoding = 4; lastKnownFileType = sourcecode.cpp.h; name = ReactiveSystem.hpp; path = ../../../../entitas/ReactiveSystem.hpp; sourceTree = "<group>"; };
		893F357B1DE710B00001A83A /* SystemContainer.cpp */ = {isa = PBXFileReference; fileEncoding = 4; lastKnownFileType = sourcecode.cpp.cpp; name = SystemContainer.cpp; path = ../../../../entitas/SystemContainer.cpp; sourceTree = "<group>"; };
		893F357C1DE710B00001A83A /* SystemContainer.hpp */ = {isa = PBXFileReference; fileEncoding = 4; lastKnownFileType = sourcecode.cpp.h; name = SystemContainer.hpp; path = ../../../../entitas/SystemContainer.hpp; sourceTree = "<group>"; };
		893F357D1DE710B00001A83A /* TriggerOnEvent.hpp */ = {isa = PBXFileReference; fileEncoding = 4; lastKnownFileType = sourcecode.cpp.h; name = TriggerOnEvent.hpp; path = ../../../../entitas/TriggerOnEvent.hpp; sourceTree = "<group>"; };
		893F35861DE710C50001A83A /* main.cpp */ = {isa = PBXFileReference; fileEncoding = 4; lastKnownFileType = sourcecode.cpp.cpp; name = main.cpp; path = ../../../../main.cpp; sourceTree = "<group>"; };
		893F358C1DE7148A0001A83A /* sample1 */ = {isa = PBXFileReference; explicitFileType = "compiled.mach-o.executable"; includeInIndex = 0; path = sample1; sourceTree = BUILT_PRODUCTS_DIR; };
		893F35931DE714AA0001A83A /* ComponentTypeId.cpp */ = {isa = PBXFileReference; fileEncoding = 4; lastKnownFileType = sourcecode.cpp.cpp; name = ComponentTypeId.cpp; path = ../../../../entitas/ComponentTypeId.cpp; sourceTree = "<group>"; };
		893F35941DE714AA0001A83A /* ComponentTypeId.hpp */ = {isa = PBXFileReference; fileEncoding = 4; lastKnownFileType = sourcecode.cpp.h; name = ComponentTypeId.hpp; path = ../../../../entitas/ComponentTypeId.hpp; sourceTree = "<group>"; };
		893F35951DE714AA0001A83A /* Delegate.hpp */ = {isa = PBXFileReference; fileEncoding = 4; lastKnownFileType = sourcecode.cpp.h; name = Delegate.hpp; path = ../../../../entitas/Delegate.hpp; sourceTree = "<group>"; };
		893F35961DE714AA0001A83A /* Entity.cpp */ = {isa = PBXFileReference; fileEncoding = 4; lastKnownFileType = sourcecode.cpp.cpp; name = Entity.cpp; path = ../../../../entitas/Entity.cpp; sourceTree = "<group>"; };
		893F35971DE714AA0001A83A /* Entity.hpp */ = {isa = PBXFileReference; fileEncoding = 4; lastKnownFileType = sourcecode.cpp.h; name = Entity.hpp; path = ../../../../entitas/Entity.hpp; sourceTree = "<group>"; };
		893F35981DE714AA0001A83A /* Group.cpp */ = {isa = PBXFileReference; fileEncoding = 4; lastKnownFileType = sourcecode.cpp.cpp; name = Group.cpp; path = ../../../../entitas/Group.cpp; sourceTree = "<group>"; };
		893F35991DE714AA0001A83A /* Group.hpp */ = {isa = PBXFileReference; fileEncoding = 4; lastKnownFileType = sourcecode.cpp.h; name = Group.hpp; path = ../../../../entitas/Group.hpp; sourceTree = "<group>"; };
		893F359A1DE714AA0001A83A /* GroupEventType.hpp */ = {isa = PBXFileReference; fileEncoding = 4; lastKnownFileType = sourcecode.cpp.h; name = GroupEventType.hpp; path = ../../../../entitas/GroupEventType.hpp; sourceTree = "<group>"; };
		893F359B1DE714AA0001A83A /* GroupObserver.cpp */ = {isa = PBXFileReference; fileEncoding = 4; lastKnownFileType = sourcecode.cpp.cpp; name = GroupObserver.cpp; path = ../../../../entitas/GroupObserver.cpp; sourceTree = "<group>"; };
		893F359C1DE714AA0001A83A /* GroupObserver.hpp */ = {isa = PBXFileReference; fileEncoding = 4; lastKnownFileType = sourcecode.cpp.h; name = GroupObserver.hpp; path = ../../../../entitas/GroupObserver.hpp; sourceTree = "<group>"; };
		893F359D1DE714AA0001A83A /* IComponent.hpp */ = {isa = PBXFileReference; fileEncoding = 4; lastKnownFileType = sourcecode.cpp.h; name = IComponent.hpp; path = ../../../../entitas/IComponent.hpp; sourceTree = "<group>"; };
		893F359E1DE714AA0001A83A /* ISystem.hpp */ = {isa = PBXFileReference; fileEncoding = 4; lastKnownFileType = sourcecode.cpp.h; name = ISystem.hpp; path = ../../../../entitas/ISystem.hpp; sourceTree = "<group>"; };
		893F359F1DE714AA0001A83A /* Matcher.cpp */ = {isa = PBXFileReference; fileEncoding = 4; lastKnownFileType = sourcecode.cpp.cpp; name = Matcher.cpp; path = ../../../../entitas/Matcher.cpp; sourceTree = "<group>"; };
		893F35A01DE714AA0001A83A /* Matcher.hpp */ = {isa = PBXFileReference; fileEncoding = 4; lastKnownFileType = sourcecode.cpp.h; name = Matcher.hpp; path = ../../../../entitas/Matcher.hpp; sourceTree = "<group>"; };
		893F35A11DE714AA0001A83A /* Pool.cpp */ = {isa = PBXFileReference; fileEncoding = 4; lastKnownFileType = sourcecode.cpp.cpp; name = Pool.cpp; path = ../../../../entitas/Pool.cpp; sourceTree = "<group>"; };
		893F35A21DE714AA0001A83A /* Pool.hpp */ = {isa = PBXFileReference; fileEncoding = 4; lastKnownFileType = sourcecode.cpp.h; name = Pool.hpp; path = ../../../../entitas/Pool.hpp; sourceTree = "<group>"; };
		893F35A31DE714AA0001A83A /* ReactiveSystem.cpp */ = {isa = PBXFileReference; fileEncoding = 4; lastKnownFileType = sourcecode.cpp.cpp; name = ReactiveSystem.cpp; path = ../../../../entitas/ReactiveSystem.cpp; sourceTree = "<group>"; };
		893F35A41DE714AA0001A83A /* ReactiveSystem.hpp */ = {isa = PBXFileReference; fileEncoding = 4; lastKnownFileType = sourcecode.cpp.h; name = ReactiveSystem.hpp; path = ../../../../entitas/ReactiveSystem.hpp; sourceTree = "<group>"; };
		893F35A51DE714AA0001A83A /* SystemContainer.cpp */ = {isa = PBXFileReference; fileEncoding = 4; lastKnownFileType = sourcecode.cpp.cpp; name = SystemContainer.cpp; path = ../../../../entitas/SystemContainer.cpp; sourceTree = "<group>"; };
		893F35A61DE714AA0001A83A /* SystemContainer.hpp */ = {isa = PBXFileReference; fileEncoding = 4; lastKnownFileType = sourcecode.cpp.h; name = SystemContainer.hpp; path = ../../../../entitas/SystemContainer.hpp; sourceTree = "<group>"; };
		893F35A71DE714AA0001A83A /* TriggerOnEvent.hpp */ = {isa = PBXFileReference; fileEncoding = 4; lastKnownFileType = sourcecode.cpp.h; name = TriggerOnEvent.hpp; path = ../../../../entitas/TriggerOnEvent.hpp; sourceTree = "<group>"; };
		893F35B01DE714BD0001A83A /* Rectangle.h */ = {isa = PBXFileReference; fileEncoding = 4; lastKnownFileType = sourcecode.c.h; name = Rectangle.h; path = ../../../../sample/Rectangle.h; sourceTree = "<group>"; };
		893F35B11DE714BD0001A83A /* sample1.cpp */ = {isa = PBXFileReference; fileEncoding = 4; lastKnownFileType = sourcecode.cpp.cpp; name = sample1.cpp; path = ../../../../sample/sample1.cpp; sourceTree = "<group>"; };
		893F35B71DE715FD0001A83A /* sample2 */ = {isa = PBXFileReference; explicitFileType = "compiled.mach-o.executable"; includeInIndex = 0; path = sample2; sourceTree = BUILT_PRODUCTS_DIR; };
		893F35E01DE717490001A83A /* SDL2.framework */ = {isa = PBXFileReference; lastKnownFileType = wrapper.framework; name = SDL2.framework; path = ../../../../../../../../Library/Frameworks/SDL2.framework; sourceTree = "<group>"; };
/* End PBXFileReference section */

/* Begin PBXFrameworksBuildPhase section */
		784711501E780E08003817CA /* Frameworks */ = {
			isa = PBXFrameworksBuildPhase;
			buildActionMask = 2147483647;
			files = (
			);
			runOnlyForDeploymentPostprocessing = 0;
		};
		7847118B1E782367003817CA /* Frameworks */ = {
			isa = PBXFrameworksBuildPhase;
			buildActionMask = 2147483647;
			files = (
				784711A71E782716003817CA /* SDL2_ttf.framework in Frameworks */,
				784711A41E7825CC003817CA /* SDL2_image.framework in Frameworks */,
			);
			runOnlyForDeploymentPostprocessing = 0;
		};
		786999E41DE5D05800FB0EC9 /* Frameworks */ = {
			isa = PBXFrameworksBuildPhase;
			buildActionMask = 2147483647;
			files = (
			);
			runOnlyForDeploymentPostprocessing = 0;
		};
		893F35891DE7148A0001A83A /* Frameworks */ = {
			isa = PBXFrameworksBuildPhase;
			buildActionMask = 2147483647;
			files = (
			);
			runOnlyForDeploymentPostprocessing = 0;
		};
		893F35B41DE715FD0001A83A /* Frameworks */ = {
			isa = PBXFrameworksBuildPhase;
			buildActionMask = 2147483647;
			files = (
				784711A11E7823C2003817CA /* libSDLpp.a in Frameworks */,
				784711871E780E8C003817CA /* libentitas.a in Frameworks */,
				893F35E11DE717490001A83A /* SDL2.framework in Frameworks */,
				784711A31E7825CC003817CA /* SDL2_image.framework in Frameworks */,
				784711A61E782716003817CA /* SDL2_ttf.framework in Frameworks */,
			);
			runOnlyForDeploymentPostprocessing = 0;
		};
/* End PBXFrameworksBuildPhase section */

/* Begin PBXGroup section */
		784711571E780E1B003817CA /* entitas */ = {
			isa = PBXGroup;
			children = (
				784711881E780F63003817CA /* Collector.cpp */,
				784711581E780E27003817CA /* Collector.hpp */,
				784711591E780E27003817CA /* ComponentTypeId.cpp */,
				7847115A1E780E27003817CA /* ComponentTypeId.hpp */,
				7847115B1E780E27003817CA /* Delegate.hpp */,
				7847115C1E780E27003817CA /* Entity.cpp */,
				7847115D1E780E27003817CA /* Entity.hpp */,
				7847115E1E780E27003817CA /* Group.cpp */,
				7847115F1E780E27003817CA /* Group.hpp */,
				784711601E780E27003817CA /* GroupEventType.hpp */,
				784711611E780E27003817CA /* IComponent.hpp */,
				784711621E780E27003817CA /* ISystem.hpp */,
				784711631E780E27003817CA /* Matcher.cpp */,
				784711641E780E27003817CA /* Matcher.hpp */,
				784711651E780E27003817CA /* Pool.cpp */,
				784711661E780E27003817CA /* Pool.hpp */,
				784711671E780E27003817CA /* ReactiveSystem.cpp */,
				784711681E780E27003817CA /* ReactiveSystem.hpp */,
				784711691E780E27003817CA /* SystemContainer.cpp */,
				7847116A1E780E27003817CA /* SystemContainer.hpp */,
				7847116B1E780E27003817CA /* TriggerOnEvent.hpp */,
			);
			name = entitas;
			sourceTree = "<group>";
		};
		784711831E780E6B003817CA /* sample2a */ = {
			isa = PBXGroup;
			children = (
				784711841E780E7E003817CA /* Rectangle.h */,
				784711851E780E7E003817CA /* sample2.cpp */,
			);
			name = sample2a;
			sourceTree = "<group>";
		};
		784711921E78236D003817CA /* SDLpp */ = {
			isa = PBXGroup;
			children = (
				784711931E782387003817CA /* Clock.cpp */,
				784711941E782387003817CA /* Renderer.cpp */,
				784711951E782387003817CA /* Sprite.cpp */,
				784711961E782387003817CA /* Text.cpp */,
				784711971E782387003817CA /* Texture.cpp */,
				784711981E782387003817CA /* View.cpp */,
				784711991E782387003817CA /* Window.cpp */,
			);
			name = SDLpp;
			sourceTree = "<group>";
		};
		786999DE1DE5D05800FB0EC9 = {
			isa = PBXGroup;
			children = (
				784711921E78236D003817CA /* SDLpp */,
				784711831E780E6B003817CA /* sample2a */,
				784711571E780E1B003817CA /* entitas */,
				786999E91DE5D05900FB0EC9 /* entitas-demo */,
				893F358D1DE7148A0001A83A /* sample1 */,
				786999E81DE5D05900FB0EC9 /* Products */,
				893F35DF1DE717490001A83A /* Frameworks */,
			);
			sourceTree = "<group>";
		};
		786999E81DE5D05900FB0EC9 /* Products */ = {
			isa = PBXGroup;
			children = (
				786999E71DE5D05900FB0EC9 /* entitas-demo */,
				893F358C1DE7148A0001A83A /* sample1 */,
				893F35B71DE715FD0001A83A /* sample2 */,
				784711531E780E08003817CA /* libentitas.a */,
				7847118E1E782367003817CA /* libSDLpp.a */,
			);
			name = Products;
			sourceTree = "<group>";
		};
		786999E91DE5D05900FB0EC9 /* entitas-demo */ = {
			isa = PBXGroup;
			children = (
				893F35861DE710C50001A83A /* main.cpp */,
				893F35691DE710B00001A83A /* ComponentTypeId.cpp */,
				7847114C1E780DB7003817CA /* Collector.cpp */,
				7847114D1E780DB7003817CA /* Collector.hpp */,
				893F356A1DE710B00001A83A /* ComponentTypeId.hpp */,
				893F356B1DE710B00001A83A /* Delegate.hpp */,
				893F356C1DE710B00001A83A /* Entity.cpp */,
				893F356D1DE710B00001A83A /* Entity.hpp */,
				893F356E1DE710B00001A83A /* Group.cpp */,
				893F356F1DE710B00001A83A /* Group.hpp */,
				893F35701DE710B00001A83A /* GroupEventType.hpp */,
				893F35731DE710B00001A83A /* IComponent.hpp */,
				893F35741DE710B00001A83A /* ISystem.hpp */,
				893F35751DE710B00001A83A /* Matcher.cpp */,
				893F35761DE710B00001A83A /* Matcher.hpp */,
				893F35771DE710B00001A83A /* Pool.cpp */,
				893F35781DE710B00001A83A /* Pool.hpp */,
				893F35791DE710B00001A83A /* ReactiveSystem.cpp */,
				893F357A1DE710B00001A83A /* ReactiveSystem.hpp */,
				893F357B1DE710B00001A83A /* SystemContainer.cpp */,
				893F357C1DE710B00001A83A /* SystemContainer.hpp */,
				893F357D1DE710B00001A83A /* TriggerOnEvent.hpp */,
			);
			path = "entitas-demo";
			sourceTree = "<group>";
		};
		893F358D1DE7148A0001A83A /* sample1 */ = {
			isa = PBXGroup;
			children = (
				893F35B01DE714BD0001A83A /* Rectangle.h */,
				893F35B11DE714BD0001A83A /* sample1.cpp */,
				893F35931DE714AA0001A83A /* ComponentTypeId.cpp */,
				893F35941DE714AA0001A83A /* ComponentTypeId.hpp */,
				893F35951DE714AA0001A83A /* Delegate.hpp */,
				893F35961DE714AA0001A83A /* Entity.cpp */,
				893F35971DE714AA0001A83A /* Entity.hpp */,
				893F35981DE714AA0001A83A /* Group.cpp */,
				893F35991DE714AA0001A83A /* Group.hpp */,
				893F359A1DE714AA0001A83A /* GroupEventType.hpp */,
				893F359B1DE714AA0001A83A /* GroupObserver.cpp */,
				893F359C1DE714AA0001A83A /* GroupObserver.hpp */,
				893F359D1DE714AA0001A83A /* IComponent.hpp */,
				893F359E1DE714AA0001A83A /* ISystem.hpp */,
				893F359F1DE714AA0001A83A /* Matcher.cpp */,
				893F35A01DE714AA0001A83A /* Matcher.hpp */,
				893F35A11DE714AA0001A83A /* Pool.cpp */,
				893F35A21DE714AA0001A83A /* Pool.hpp */,
				893F35A31DE714AA0001A83A /* ReactiveSystem.cpp */,
				893F35A41DE714AA0001A83A /* ReactiveSystem.hpp */,
				893F35A51DE714AA0001A83A /* SystemContainer.cpp */,
				893F35A61DE714AA0001A83A /* SystemContainer.hpp */,
				893F35A71DE714AA0001A83A /* TriggerOnEvent.hpp */,
			);
			path = sample1;
			sourceTree = "<group>";
		};
		893F35DF1DE717490001A83A /* Frameworks */ = {
			isa = PBXGroup;
			children = (
				784711A51E782716003817CA /* SDL2_ttf.framework */,
				784711A21E7825CC003817CA /* SDL2_image.framework */,
				893F35E01DE717490001A83A /* SDL2.framework */,
			);
			name = Frameworks;
			sourceTree = "<group>";
		};
/* End PBXGroup section */

/* Begin PBXHeadersBuildPhase section */
		784711511E780E08003817CA /* Headers */ = {
			isa = PBXHeadersBuildPhase;
			buildActionMask = 2147483647;
			files = (
				7847116C1E780E27003817CA /* Collector.hpp in Headers */,
				7847117F1E780E27003817CA /* TriggerOnEvent.hpp in Headers */,
				7847117E1E780E27003817CA /* SystemContainer.hpp in Headers */,
				784711711E780E27003817CA /* Entity.hpp in Headers */,
				784711751E780E27003817CA /* IComponent.hpp in Headers */,
				7847116E1E780E27003817CA /* ComponentTypeId.hpp in Headers */,
				7847117A1E780E27003817CA /* Pool.hpp in Headers */,
				784711731E780E27003817CA /* Group.hpp in Headers */,
				784711781E780E27003817CA /* Matcher.hpp in Headers */,
				7847116F1E780E27003817CA /* Delegate.hpp in Headers */,
				7847117C1E780E27003817CA /* ReactiveSystem.hpp in Headers */,
				784711741E780E27003817CA /* GroupEventType.hpp in Headers */,
				784711761E780E27003817CA /* ISystem.hpp in Headers */,
			);
			runOnlyForDeploymentPostprocessing = 0;
		};
		7847118C1E782367003817CA /* Headers */ = {
			isa = PBXHeadersBuildPhase;
			buildActionMask = 2147483647;
			files = (
			);
			runOnlyForDeploymentPostprocessing = 0;
		};
/* End PBXHeadersBuildPhase section */

/* Begin PBXNativeTarget section */
		784711521E780E08003817CA /* entitas */ = {
			isa = PBXNativeTarget;
			buildConfigurationList = 784711541E780E09003817CA /* Build configuration list for PBXNativeTarget "entitas" */;
			buildPhases = (
				7847114F1E780E08003817CA /* Sources */,
				784711501E780E08003817CA /* Frameworks */,
				784711511E780E08003817CA /* Headers */,
			);
			buildRules = (
			);
			dependencies = (
			);
			name = entitas;
			productName = entitas;
			productReference = 784711531E780E08003817CA /* libentitas.a */;
			productType = "com.apple.product-type.library.static";
		};
		7847118D1E782367003817CA /* SDLpp */ = {
			isa = PBXNativeTarget;
			buildConfigurationList = 7847118F1E782367003817CA /* Build configuration list for PBXNativeTarget "SDLpp" */;
			buildPhases = (
				7847118A1E782367003817CA /* Sources */,
				7847118B1E782367003817CA /* Frameworks */,
				7847118C1E782367003817CA /* Headers */,
			);
			buildRules = (
			);
			dependencies = (
			);
			name = SDLpp;
			productName = SDLpp;
			productReference = 7847118E1E782367003817CA /* libSDLpp.a */;
			productType = "com.apple.product-type.library.static";
		};
		786999E61DE5D05800FB0EC9 /* entitas-demo */ = {
			isa = PBXNativeTarget;
			buildConfigurationList = 786999EE1DE5D05900FB0EC9 /* Build configuration list for PBXNativeTarget "entitas-demo" */;
			buildPhases = (
				786999E31DE5D05800FB0EC9 /* Sources */,
				786999E41DE5D05800FB0EC9 /* Frameworks */,
				786999E51DE5D05800FB0EC9 /* CopyFiles */,
			);
			buildRules = (
			);
			dependencies = (
			);
			name = "entitas-demo";
			productName = "entitas-demo";
			productReference = 786999E71DE5D05900FB0EC9 /* entitas-demo */;
			productType = "com.apple.product-type.tool";
		};
		893F358B1DE7148A0001A83A /* sample1 */ = {
			isa = PBXNativeTarget;
			buildConfigurationList = 893F35901DE7148A0001A83A /* Build configuration list for PBXNativeTarget "sample1" */;
			buildPhases = (
				893F35881DE7148A0001A83A /* Sources */,
				893F35891DE7148A0001A83A /* Frameworks */,
				893F358A1DE7148A0001A83A /* CopyFiles */,
			);
			buildRules = (
			);
			dependencies = (
			);
			name = sample1;
			productName = sample1;
			productReference = 893F358C1DE7148A0001A83A /* sample1 */;
			productType = "com.apple.product-type.tool";
		};
		893F35B61DE715FD0001A83A /* sample2 */ = {
			isa = PBXNativeTarget;
			buildConfigurationList = 893F35BB1DE715FD0001A83A /* Build configuration list for PBXNativeTarget "sample2" */;
			buildPhases = (
				893F35B31DE715FD0001A83A /* Sources */,
				893F35B41DE715FD0001A83A /* Frameworks */,
				893F35B51DE715FD0001A83A /* CopyFiles */,
			);
			buildRules = (
			);
			dependencies = (
			);
			name = sample2;
			productName = sample2;
			productReference = 893F35B71DE715FD0001A83A /* sample2 */;
			productType = "com.apple.product-type.tool";
		};
/* End PBXNativeTarget section */

/* Begin PBXProject section */
		786999DF1DE5D05800FB0EC9 /* Project object */ = {
			isa = PBXProject;
			attributes = {
				LastUpgradeCheck = 0800;
				ORGANIZATIONNAME = "Igor Makaruks";
				TargetAttributes = {
					784711521E780E08003817CA = {
						CreatedOnToolsVersion = 8.2.1;
						DevelopmentTeam = Z5NG57QR3C;
						ProvisioningStyle = Automatic;
					};
					7847118D1E782367003817CA = {
						CreatedOnToolsVersion = 8.2.1;
						DevelopmentTeam = Z5NG57QR3C;
						ProvisioningStyle = Automatic;
					};
					786999E61DE5D05800FB0EC9 = {
						CreatedOnToolsVersion = 8.0;
						DevelopmentTeam = Z5NG57QR3C;
						ProvisioningStyle = Automatic;
					};
					893F358B1DE7148A0001A83A = {
						CreatedOnToolsVersion = 8.1;
						DevelopmentTeam = Z5NG57QR3C;
						ProvisioningStyle = Automatic;
					};
					893F35B61DE715FD0001A83A = {
						CreatedOnToolsVersion = 8.1;
						DevelopmentTeam = Z5NG57QR3C;
						ProvisioningStyle = Automatic;
					};
				};
			};
			buildConfigurationList = 786999E21DE5D05800FB0EC9 /* Build configuration list for PBXProject "entitas-demo" */;
			compatibilityVersion = "Xcode 3.2";
			developmentRegion = English;
			hasScannedForEncodings = 0;
			knownRegions = (
				en,
			);
			mainGroup = 786999DE1DE5D05800FB0EC9;
			productRefGroup = 786999E81DE5D05900FB0EC9 /* Products */;
			projectDirPath = "";
			projectRoot = "";
			targets = (
				786999E61DE5D05800FB0EC9 /* entitas-demo */,
				893F358B1DE7148A0001A83A /* sample1 */,
				893F35B61DE715FD0001A83A /* sample2 */,
				784711521E780E08003817CA /* entitas */,
				7847118D1E782367003817CA /* SDLpp */,
			);
		};
/* End PBXProject section */

/* Begin PBXSourcesBuildPhase section */
		7847114F1E780E08003817CA /* Sources */ = {
			isa = PBXSourcesBuildPhase;
			buildActionMask = 2147483647;
			files = (
				784711771E780E27003817CA /* Matcher.cpp in Sources */,
				784711701E780E27003817CA /* Entity.cpp in Sources */,
				784711721E780E27003817CA /* Group.cpp in Sources */,
				7847116D1E780E27003817CA /* ComponentTypeId.cpp in Sources */,
				7847117D1E780E27003817CA /* SystemContainer.cpp in Sources */,
				784711891E780F63003817CA /* Collector.cpp in Sources */,
				784711791E780E27003817CA /* Pool.cpp in Sources */,
				7847117B1E780E27003817CA /* ReactiveSystem.cpp in Sources */,
			);
			runOnlyForDeploymentPostprocessing = 0;
		};
		7847118A1E782367003817CA /* Sources */ = {
			isa = PBXSourcesBuildPhase;
			buildActionMask = 2147483647;
			files = (
				784711A01E782387003817CA /* Window.cpp in Sources */,
				7847119F1E782387003817CA /* View.cpp in Sources */,
				7847119E1E782387003817CA /* Texture.cpp in Sources */,
				7847119B1E782387003817CA /* Renderer.cpp in Sources */,
				7847119A1E782387003817CA /* Clock.cpp in Sources */,
				7847119D1E782387003817CA /* Text.cpp in Sources */,
				7847119C1E782387003817CA /* Sprite.cpp in Sources */,
			);
			runOnlyForDeploymentPostprocessing = 0;
		};
		786999E31DE5D05800FB0EC9 /* Sources */ = {
			isa = PBXSourcesBuildPhase;
			buildActionMask = 2147483647;
			files = (
				893F357F1DE710B00001A83A /* Entity.cpp in Sources */,
				893F35821DE710B00001A83A /* Matcher.cpp in Sources */,
				893F35871DE710C50001A83A /* main.cpp in Sources */,
				893F35841DE710B00001A83A /* ReactiveSystem.cpp in Sources */,
				893F35801DE710B00001A83A /* Group.cpp in Sources */,
				893F35851DE710B00001A83A /* SystemContainer.cpp in Sources */,
				893F35831DE710B00001A83A /* Pool.cpp in Sources */,
				7847114E1E780DB7003817CA /* Collector.cpp in Sources */,
				893F357E1DE710B00001A83A /* ComponentTypeId.cpp in Sources */,
			);
			runOnlyForDeploymentPostprocessing = 0;
		};
		893F35881DE7148A0001A83A /* Sources */ = {
			isa = PBXSourcesBuildPhase;
			buildActionMask = 2147483647;
			files = (
				893F35A91DE714AA0001A83A /* Entity.cpp in Sources */,
				893F35AC1DE714AA0001A83A /* Matcher.cpp in Sources */,
				893F35B21DE714BD0001A83A /* sample1.cpp in Sources */,
				893F35AE1DE714AA0001A83A /* ReactiveSystem.cpp in Sources */,
				893F35AA1DE714AA0001A83A /* Group.cpp in Sources */,
				893F35AF1DE714AA0001A83A /* SystemContainer.cpp in Sources */,
				893F35AD1DE714AA0001A83A /* Pool.cpp in Sources */,
				893F35A81DE714AA0001A83A /* ComponentTypeId.cpp in Sources */,
				893F35AB1DE714AA0001A83A /* GroupObserver.cpp in Sources */,
			);
			runOnlyForDeploymentPostprocessing = 0;
		};
		893F35B31DE715FD0001A83A /* Sources */ = {
			isa = PBXSourcesBuildPhase;
			buildActionMask = 2147483647;
			files = (
				784711861E780E7E003817CA /* sample2.cpp in Sources */,
			);
			runOnlyForDeploymentPostprocessing = 0;
		};
/* End PBXSourcesBuildPhase section */

/* Begin XCBuildConfiguration section */
		784711551E780E09003817CA /* Debug */ = {
			isa = XCBuildConfiguration;
			buildSettings = {
				ALWAYS_SEARCH_USER_PATHS = NO;
				CLANG_CXX_LANGUAGE_STANDARD = "gnu++14";
				CLANG_WARN_SUSPICIOUS_MOVE = YES;
				DEVELOPMENT_TEAM = Z5NG57QR3C;
				EXECUTABLE_PREFIX = lib;
				PRODUCT_NAME = "$(TARGET_NAME)";
			};
			name = Debug;
		};
		784711561E780E09003817CA /* Release */ = {
			isa = XCBuildConfiguration;
			buildSettings = {
				ALWAYS_SEARCH_USER_PATHS = NO;
				CLANG_CXX_LANGUAGE_STANDARD = "gnu++14";
				CLANG_WARN_SUSPICIOUS_MOVE = YES;
				DEVELOPMENT_TEAM = Z5NG57QR3C;
				EXECUTABLE_PREFIX = lib;
				PRODUCT_NAME = "$(TARGET_NAME)";
			};
			name = Release;
		};
		784711901E782367003817CA /* Debug */ = {
			isa = XCBuildConfiguration;
			buildSettings = {
				ALWAYS_SEARCH_USER_PATHS = YES;
				CLANG_CXX_LANGUAGE_STANDARD = "gnu++0x";
				CLANG_WARN_SUSPICIOUS_MOVE = YES;
				DEVELOPMENT_TEAM = Z5NG57QR3C;
				EXECUTABLE_PREFIX = lib;
				FRAMEWORK_SEARCH_PATHS = (
					"$(inherited)",
					"$(LOCAL_LIBRARY_DIR)/Frameworks",
				);
				PRODUCT_NAME = "$(TARGET_NAME)";
			};
			name = Debug;
		};
		784711911E782367003817CA /* Release */ = {
			isa = XCBuildConfiguration;
			buildSettings = {
				ALWAYS_SEARCH_USER_PATHS = YES;
				CLANG_CXX_LANGUAGE_STANDARD = "gnu++0x";
				CLANG_WARN_SUSPICIOUS_MOVE = YES;
				DEVELOPMENT_TEAM = Z5NG57QR3C;
				EXECUTABLE_PREFIX = lib;
				FRAMEWORK_SEARCH_PATHS = (
					"$(inherited)",
					"$(LOCAL_LIBRARY_DIR)/Frameworks",
				);
				PRODUCT_NAME = "$(TARGET_NAME)";
			};
			name = Release;
		};
		786999EC1DE5D05900FB0EC9 /* Debug */ = {
			isa = XCBuildConfiguration;
			buildSettings = {
				ALWAYS_SEARCH_USER_PATHS = YES;
				CLANG_ANALYZER_NONNULL = YES;
				CLANG_CXX_LANGUAGE_STANDARD = "c++14";
				CLANG_CXX_LIBRARY = "libc++";
				CLANG_ENABLE_MODULES = YES;
				CLANG_ENABLE_OBJC_ARC = YES;
				CLANG_WARN_BOOL_CONVERSION = YES;
				CLANG_WARN_CONSTANT_CONVERSION = YES;
				CLANG_WARN_DIRECT_OBJC_ISA_USAGE = YES_ERROR;
				CLANG_WARN_DOCUMENTATION_COMMENTS = YES;
				CLANG_WARN_EMPTY_BODY = YES;
				CLANG_WARN_ENUM_CONVERSION = YES;
				CLANG_WARN_INFINITE_RECURSION = YES;
				CLANG_WARN_INT_CONVERSION = YES;
				CLANG_WARN_OBJC_ROOT_CLASS = YES_ERROR;
				CLANG_WARN_SUSPICIOUS_MOVES = YES;
				CLANG_WARN_UNREACHABLE_CODE = YES;
				CLANG_WARN__DUPLICATE_METHOD_MATCH = YES;
				CODE_SIGN_IDENTITY = "-";
				COPY_PHASE_STRIP = NO;
				DEBUG_INFORMATION_FORMAT = dwarf;
				ENABLE_STRICT_OBJC_MSGSEND = YES;
				ENABLE_TESTABILITY = YES;
				GCC_C_LANGUAGE_STANDARD = gnu99;
				GCC_DYNAMIC_NO_PIC = NO;
				GCC_NO_COMMON_BLOCKS = YES;
				GCC_OPTIMIZATION_LEVEL = 0;
				GCC_PREPROCESSOR_DEFINITIONS = (
					"DEBUG=1",
					"$(inherited)",
				);
				GCC_WARN_64_TO_32_BIT_CONVERSION = YES;
				GCC_WARN_ABOUT_RETURN_TYPE = YES_ERROR;
				GCC_WARN_UNDECLARED_SELECTOR = YES;
				GCC_WARN_UNINITIALIZED_AUTOS = YES_AGGRESSIVE;
				GCC_WARN_UNUSED_FUNCTION = YES;
				GCC_WARN_UNUSED_VARIABLE = YES;
				HEADER_SEARCH_PATHS = (
					"$(SRCROOT)/../../..",
					"$(SRCROOT)/../../../external/glm",
					"$(SRCROOT)/../../../external/SDLpp/include",
				);
				MACOSX_DEPLOYMENT_TARGET = 10.12;
				MTL_ENABLE_DEBUG_INFO = YES;
				ONLY_ACTIVE_ARCH = YES;
				SDKROOT = macosx;
				USER_HEADER_SEARCH_PATHS = "$(SRCROOT)/../../.. $(SRCROOT)/../../../external/glm";
			};
			name = Debug;
		};
		786999ED1DE5D05900FB0EC9 /* Release */ = {
			isa = XCBuildConfiguration;
			buildSettings = {
				ALWAYS_SEARCH_USER_PATHS = YES;
				CLANG_ANALYZER_NONNULL = YES;
				CLANG_CXX_LANGUAGE_STANDARD = "c++14";
				CLANG_CXX_LIBRARY = "libc++";
				CLANG_ENABLE_MODULES = YES;
				CLANG_ENABLE_OBJC_ARC = YES;
				CLANG_WARN_BOOL_CONVERSION = YES;
				CLANG_WARN_CONSTANT_CONVERSION = YES;
				CLANG_WARN_DIRECT_OBJC_ISA_USAGE = YES_ERROR;
				CLANG_WARN_DOCUMENTATION_COMMENTS = YES;
				CLANG_WARN_EMPTY_BODY = YES;
				CLANG_WARN_ENUM_CONVERSION = YES;
				CLANG_WARN_INFINITE_RECURSION = YES;
				CLANG_WARN_INT_CONVERSION = YES;
				CLANG_WARN_OBJC_ROOT_CLASS = YES_ERROR;
				CLANG_WARN_SUSPICIOUS_MOVES = YES;
				CLANG_WARN_UNREACHABLE_CODE = YES;
				CLANG_WARN__DUPLICATE_METHOD_MATCH = YES;
				CODE_SIGN_IDENTITY = "-";
				COPY_PHASE_STRIP = NO;
				DEBUG_INFORMATION_FORMAT = "dwarf-with-dsym";
				ENABLE_NS_ASSERTIONS = NO;
				ENABLE_STRICT_OBJC_MSGSEND = YES;
				GCC_C_LANGUAGE_STANDARD = gnu99;
				GCC_NO_COMMON_BLOCKS = YES;
				GCC_WARN_64_TO_32_BIT_CONVERSION = YES;
				GCC_WARN_ABOUT_RETURN_TYPE = YES_ERROR;
				GCC_WARN_UNDECLARED_SELECTOR = YES;
				GCC_WARN_UNINITIALIZED_AUTOS = YES_AGGRESSIVE;
				GCC_WARN_UNUSED_FUNCTION = YES;
				GCC_WARN_UNUSED_VARIABLE = YES;
				HEADER_SEARCH_PATHS = (
					"$(SRCROOT)/../../..",
					"$(SRCROOT)/../../../external/glm",
					"$(SRCROOT)/../../../external/SDLpp/include",
				);
				MACOSX_DEPLOYMENT_TARGET = 10.12;
				MTL_ENABLE_DEBUG_INFO = NO;
				SDKROOT = macosx;
				USER_HEADER_SEARCH_PATHS = "$(SRCROOT)/../../.. $(SRCROOT)/../../../external/glm";
			};
			name = Release;
		};
		786999EF1DE5D05900FB0EC9 /* Debug */ = {
			isa = XCBuildConfiguration;
			buildSettings = {
				DEVELOPMENT_TEAM = Z5NG57QR3C;
				HEADER_SEARCH_PATHS = "$(SRCROOT)/../../../**";
				PRODUCT_NAME = "$(TARGET_NAME)";
				USER_HEADER_SEARCH_PATHS = "$(SRCROOT)/../../../**";
			};
			name = Debug;
		};
		786999F01DE5D05900FB0EC9 /* Release */ = {
			isa = XCBuildConfiguration;
			buildSettings = {
				DEVELOPMENT_TEAM = Z5NG57QR3C;
				HEADER_SEARCH_PATHS = "$(SRCROOT)/../../../**";
				PRODUCT_NAME = "$(TARGET_NAME)";
				USER_HEADER_SEARCH_PATHS = "$(SRCROOT)/../../../**";
			};
			name = Release;
		};
		893F35911DE7148A0001A83A /* Debug */ = {
			isa = XCBuildConfiguration;
			buildSettings = {
				DEVELOPMENT_TEAM = Z5NG57QR3C;
				PRODUCT_NAME = "$(TARGET_NAME)";
			};
			name = Debug;
		};
		893F35921DE7148A0001A83A /* Release */ = {
			isa = XCBuildConfiguration;
			buildSettings = {
				DEVELOPMENT_TEAM = Z5NG57QR3C;
				PRODUCT_NAME = "$(TARGET_NAME)";
			};
			name = Release;
		};
		893F35BC1DE715FD0001A83A /* Debug */ = {
			isa = XCBuildConfiguration;
			buildSettings = {
				CLANG_CXX_LANGUAGE_STANDARD = "c++14";
				DEVELOPMENT_TEAM = Z5NG57QR3C;
				FRAMEWORK_SEARCH_PATHS = (
					"$(inherited)",
					"$(LOCAL_LIBRARY_DIR)/Frameworks",
				);
				HEADER_SEARCH_PATHS = (
					"$(SRCROOT)/../../..",
					"$(SRCROOT)/../../../external/glm",
					"$(SRCROOT)/../../../external/mathfu/include",
					"$(SRCROOT)/../../../external/mathfu/dependencies/vectorial/include",
					"$(SRCROOT)/../../../external/SDLpp/include",
				);
				PRODUCT_NAME = "$(TARGET_NAME)";
			};
			name = Debug;
		};
		893F35BD1DE715FD0001A83A /* Release */ = {
			isa = XCBuildConfiguration;
			buildSettings = {
				CLANG_CXX_LANGUAGE_STANDARD = "c++14";
				DEVELOPMENT_TEAM = Z5NG57QR3C;
				FRAMEWORK_SEARCH_PATHS = (
					"$(inherited)",
					"$(LOCAL_LIBRARY_DIR)/Frameworks",
				);
				HEADER_SEARCH_PATHS = (
					"$(SRCROOT)/../../..",
					"$(SRCROOT)/../../../external/glm",
					"$(SRCROOT)/../../../external/mathfu/include",
					"$(SRCROOT)/../../../external/mathfu/dependencies/vectorial/include",
					"$(SRCROOT)/../../../external/SDLpp/include",
				);
				PRODUCT_NAME = "$(TARGET_NAME)";
			};
			name = Release;
		};
/* End XCBuildConfiguration section */

/* Begin XCConfigurationList section */
		784711541E780E09003817CA /* Build configuration list for PBXNativeTarget "entitas" */ = {
			isa = XCConfigurationList;
			buildConfigurations = (
				784711551E780E09003817CA /* Debug */,
				784711561E780E09003817CA /* Release */,
			);
			defaultConfigurationIsVisible = 0;
		};
		7847118F1E782367003817CA /* Build configuration list for PBXNativeTarget "SDLpp" */ = {
			isa = XCConfigurationList;
			buildConfigurations = (
				784711901E782367003817CA /* Debug */,
				784711911E782367003817CA /* Release */,
			);
			defaultConfigurationIsVisible = 0;
		};
		786999E21DE5D05800FB0EC9 /* Build configuration list for PBXProject "entitas-demo" */ = {
			isa = XCConfigurationList;
			buildConfigurations = (
				786999EC1DE5D05900FB0EC9 /* Debug */,
				786999ED1DE5D05900FB0EC9 /* Release */,
			);
			defaultConfigurationIsVisible = 0;
			defaultConfigurationName = Release;
		};
		786999EE1DE5D05900FB0EC9 /* Build configuration list for PBXNativeTarget "entitas-demo" */ = {
			isa = XCConfigurationList;
			buildConfigurations = (
				786999EF1DE5D05900FB0EC9 /* Debug */,
				786999F01DE5D05900FB0EC9 /* Release */,
			);
			defaultConfigurationIsVisible = 0;
			defaultConfigurationName = Release;
		};
		893F35901DE7148A0001A83A /* Build configuration list for PBXNativeTarget "sample1" */ = {
			isa = XCConfigurationList;
			buildConfigurations = (
				893F35911DE7148A0001A83A /* Debug */,
				893F35921DE7148A0001A83A /* Release */,
			);
			defaultConfigurationIsVisible = 0;
			defaultConfigurationName = Release;
		};
		893F35BB1DE715FD0001A83A /* Build configuration list for PBXNativeTarget "sample2" */ = {
			isa = XCConfigurationList;
			buildConfigurations = (
				893F35BC1DE715FD0001A83A /* Debug */,
				893F35BD1DE715FD0001A83A /* Release */,
			);
			defaultConfigurationIsVisible = 0;
			defaultConfigurationName = Release;
		};
/* End XCConfigurationList section */
	};
	rootObject = 786999DF1DE5D05800FB0EC9 /* Project object */;
}
